
Microsoft Visual Studio Solution File, Format Version 12.00
# Visual Studio Version 17
VisualStudioVersion = 17.7.34031.279
MinimumVisualStudioVersion = 10.0.40219.1
Project("{FAE04EC0-301F-11D3-BF4B-00C04F79EFBC}") = "P6_1_714220031", "P6_1_714220031\P6_1_714220031.csproj", "{03410014-9B7E-4A1C-8EB4-D423FE43DE51}"
EndProject
Global
	GlobalSection(SolutionConfigurationPlatforms) = preSolution
		Debug|Any CPU = Debug|Any CPU
		Release|Any CPU = Release|Any CPU
	EndGlobalSection
	GlobalSection(ProjectConfigurationPlatforms) = postSolution
		{03410014-9B7E-4A1C-8EB4-D423FE43DE51}.Debug|Any CPU.ActiveCfg = Debug|Any CPU
		{03410014-9B7E-4A1C-8EB4-D423FE43DE51}.Debug|Any CPU.Build.0 = Debug|Any CPU
		{03410014-9B7E-4A1C-8EB4-D423FE43DE51}.Release|Any CPU.ActiveCfg = Release|Any CPU
		{03410014-9B7E-4A1C-8EB4-D423FE43DE51}.Release|Any CPU.Build.0 = Release|Any CPU
	EndGlobalSection
	GlobalSection(SolutionProperties) = preSolution
		HideSolutionNode = FALSE
	EndGlobalSection
	GlobalSection(ExtensibilityGlobals) = postSolution
		SolutionGuid = {160BC250-0D35-4B41-B72F-6248EB116D9E}
	EndGlobalSection
EndGlobal
