
Microsoft Visual Studio Solution File, Format Version 12.00
# Visual Studio Version 17
VisualStudioVersion = 17.7.34031.279
MinimumVisualStudioVersion = 10.0.40219.1
Project("{FAE04EC0-301F-11D3-BF4B-00C04F79EFBC}") = "P10_1_714220031", "P10_1_714220031\P10_1_714220031.csproj", "{B189FC11-FECD-454D-AEB4-9712D2D3BC53}"
EndProject
Global
	GlobalSection(SolutionConfigurationPlatforms) = preSolution
		Debug|Any CPU = Debug|Any CPU
		Release|Any CPU = Release|Any CPU
	EndGlobalSection
	GlobalSection(ProjectConfigurationPlatforms) = postSolution
		{B189FC11-FECD-454D-AEB4-9712D2D3BC53}.Debug|Any CPU.ActiveCfg = Debug|Any CPU
		{B189FC11-FECD-454D-AEB4-9712D2D3BC53}.Debug|Any CPU.Build.0 = Debug|Any CPU
		{B189FC11-FECD-454D-AEB4-9712D2D3BC53}.Release|Any CPU.ActiveCfg = Release|Any CPU
		{B189FC11-FECD-454D-AEB4-9712D2D3BC53}.Release|Any CPU.Build.0 = Release|Any CPU
	EndGlobalSection
	GlobalSection(SolutionProperties) = preSolution
		HideSolutionNode = FALSE
	EndGlobalSection
	GlobalSection(ExtensibilityGlobals) = postSolution
		SolutionGuid = {358D889E-F0F7-4765-AB21-14EBAB254E39}
	EndGlobalSection
EndGlobal
